
Microsoft Visual Studio Solution File, Format Version 12.00
# Visual Studio 15
VisualStudioVersion = 15.0.26730.16
MinimumVisualStudioVersion = 10.0.40219.1
Project("{FAE04EC0-301F-11D3-BF4B-00C04F79EFBC}") = "AnimeCatalog", "AnimeCatalog\AnimeCatalog.csproj", "{2678ED45-FA68-4471-9FC0-85E36FFA5056}"
EndProject
Global
	GlobalSection(SolutionConfigurationPlatforms) = preSolution
		Debug|Any CPU = Debug|Any CPU
		Release|Any CPU = Release|Any CPU
	EndGlobalSection
	GlobalSection(ProjectConfigurationPlatforms) = postSolution
		{2678ED45-FA68-4471-9FC0-85E36FFA5056}.Debug|Any CPU.ActiveCfg = Debug|Any CPU
		{2678ED45-FA68-4471-9FC0-85E36FFA5056}.Debug|Any CPU.Build.0 = Debug|Any CPU
		{2678ED45-FA68-4471-9FC0-85E36FFA5056}.Release|Any CPU.ActiveCfg = Release|Any CPU
		{2678ED45-FA68-4471-9FC0-85E36FFA5056}.Release|Any CPU.Build.0 = Release|Any CPU
	EndGlobalSection
	GlobalSection(SolutionProperties) = preSolution
		HideSolutionNode = FALSE
	EndGlobalSection
	GlobalSection(ExtensibilityGlobals) = postSolution
		SolutionGuid = {4C803F54-1D4B-40DE-9D69-9794D2CFD841}
	EndGlobalSection
EndGlobal
